
Microsoft Visual Studio Solution File, Format Version 12.00
# Visual Studio Version 17
VisualStudioVersion = 17.10.35004.147
MinimumVisualStudioVersion = 10.0.40219.1
Project("{FAE04EC0-301F-11D3-BF4B-00C04F79EFBC}") = "InForno", "InForno\InForno.csproj", "{2565826B-1D4E-4B96-8C1D-D7509A4521B3}"
EndProject
Global
	GlobalSection(SolutionConfigurationPlatforms) = preSolution
		Debug|Any CPU = Debug|Any CPU
		Release|Any CPU = Release|Any CPU
	EndGlobalSection
	GlobalSection(ProjectConfigurationPlatforms) = postSolution
		{2565826B-1D4E-4B96-8C1D-D7509A4521B3}.Debug|Any CPU.ActiveCfg = Debug|Any CPU
		{2565826B-1D4E-4B96-8C1D-D7509A4521B3}.Debug|Any CPU.Build.0 = Debug|Any CPU
		{2565826B-1D4E-4B96-8C1D-D7509A4521B3}.Release|Any CPU.ActiveCfg = Release|Any CPU
		{2565826B-1D4E-4B96-8C1D-D7509A4521B3}.Release|Any CPU.Build.0 = Release|Any CPU
	EndGlobalSection
	GlobalSection(SolutionProperties) = preSolution
		HideSolutionNode = FALSE
	EndGlobalSection
	GlobalSection(ExtensibilityGlobals) = postSolution
		SolutionGuid = {24BDD026-C484-4590-9BD6-E97636954BD5}
	EndGlobalSection
EndGlobal
